// !$*UTF8*$!
{
	archiveVersion = 1;
	classes = {
	};
	objectVersion = 56;
	objects = {

/* Begin PBXBuildFile section */
		351A747E2A0CE5FE00FBC82A /* SearchUser.swift in Sources */ = {isa = PBXBuildFile; fileRef = 351A747D2A0CE5FE00FBC82A /* SearchUser.swift */; };
		351A74802A0CEBA300FBC82A /* DeleteUser.swift in Sources */ = {isa = PBXBuildFile; fileRef = 351A747F2A0CEBA300FBC82A /* DeleteUser.swift */; };
		35A581E02A176E570076389F /* UpdateUser.swift in Sources */ = {isa = PBXBuildFile; fileRef = 35A581DF2A176E570076389F /* UpdateUser.swift */; };
		35B215502A0A30E6001130C5 /* iOSProjectApp.swift in Sources */ = {isa = PBXBuildFile; fileRef = 35B2154F2A0A30E6001130C5 /* iOSProjectApp.swift */; };
		35B215522A0A30E6001130C5 /* ContentView.swift in Sources */ = {isa = PBXBuildFile; fileRef = 35B215512A0A30E6001130C5 /* ContentView.swift */; };
		35B215542A0A30E7001130C5 /* Assets.xcassets in Resources */ = {isa = PBXBuildFile; fileRef = 35B215532A0A30E7001130C5 /* Assets.xcassets */; };
		35B215572A0A30E7001130C5 /* Preview Assets.xcassets in Resources */ = {isa = PBXBuildFile; fileRef = 35B215562A0A30E7001130C5 /* Preview Assets.xcassets */; };
		35B2155F2A0A36C7001130C5 /* Alamofire in Frameworks */ = {isa = PBXBuildFile; productRef = 35B2155E2A0A36C7001130C5 /* Alamofire */; };
		35B215612A0A41F1001130C5 /* FetchAll.swift in Sources */ = {isa = PBXBuildFile; fileRef = 35B215602A0A41F1001130C5 /* FetchAll.swift */; };
		35B215652A0A43AE001130C5 /* Result.swift in Sources */ = {isa = PBXBuildFile; fileRef = 35B215642A0A43AE001130C5 /* Result.swift */; };
		35B215672A0A43CD001130C5 /* User.swift in Sources */ = {isa = PBXBuildFile; fileRef = 35B215662A0A43CD001130C5 /* User.swift */; };
		35B215692A0A4665001130C5 /* AddUser.swift in Sources */ = {isa = PBXBuildFile; fileRef = 35B215682A0A4665001130C5 /* AddUser.swift */; };
/* End PBXBuildFile section */

/* Begin PBXFileReference section */
		351A747D2A0CE5FE00FBC82A /* SearchUser.swift */ = {isa = PBXFileReference; lastKnownFileType = sourcecode.swift; path = SearchUser.swift; sourceTree = "<group>"; };
		351A747F2A0CEBA300FBC82A /* DeleteUser.swift */ = {isa = PBXFileReference; lastKnownFileType = sourcecode.swift; path = DeleteUser.swift; sourceTree = "<group>"; };
		35A581DF2A176E570076389F /* UpdateUser.swift */ = {isa = PBXFileReference; lastKnownFileType = sourcecode.swift; path = UpdateUser.swift; sourceTree = "<group>"; };
		35B2154C2A0A30E6001130C5 /* iOSProject.app */ = {isa = PBXFileReference; explicitFileType = wrapper.application; includeInIndex = 0; path = iOSProject.app; sourceTree = BUILT_PRODUCTS_DIR; };
		35B2154F2A0A30E6001130C5 /* iOSProjectApp.swift */ = {isa = PBXFileReference; lastKnownFileType = sourcecode.swift; path = iOSProjectApp.swift; sourceTree = "<group>"; };
		35B215512A0A30E6001130C5 /* ContentView.swift */ = {isa = PBXFileReference; lastKnownFileType = sourcecode.swift; path = ContentView.swift; sourceTree = "<group>"; };
		35B215532A0A30E7001130C5 /* Assets.xcassets */ = {isa = PBXFileReference; lastKnownFileType = folder.assetcatalog; path = Assets.xcassets; sourceTree = "<group>"; };
		35B215562A0A30E7001130C5 /* Preview Assets.xcassets */ = {isa = PBXFileReference; lastKnownFileType = folder.assetcatalog; path = "Preview Assets.xcassets"; sourceTree = "<group>"; };
		35B215602A0A41F1001130C5 /* FetchAll.swift */ = {isa = PBXFileReference; lastKnownFileType = sourcecode.swift; path = FetchAll.swift; sourceTree = "<group>"; };
		35B215642A0A43AE001130C5 /* Result.swift */ = {isa = PBXFileReference; lastKnownFileType = sourcecode.swift; path = Result.swift; sourceTree = "<group>"; };
		35B215662A0A43CD001130C5 /* User.swift */ = {isa = PBXFileReference; lastKnownFileType = sourcecode.swift; path = User.swift; sourceTree = "<group>"; };
		35B215682A0A4665001130C5 /* AddUser.swift */ = {isa = PBXFileReference; lastKnownFileType = sourcecode.swift; path = AddUser.swift; sourceTree = "<group>"; };
/* End PBXFileReference section */

/* Begin PBXFrameworksBuildPhase section */
		35B215492A0A30E6001130C5 /* Frameworks */ = {
			isa = PBXFrameworksBuildPhase;
			buildActionMask = 2147483647;
			files = (
				35B2155F2A0A36C7001130C5 /* Alamofire in Frameworks */,
			);
			runOnlyForDeploymentPostprocessing = 0;
		};
/* End PBXFrameworksBuildPhase section */

/* Begin PBXGroup section */
		35B215432A0A30E6001130C5 = {
			isa = PBXGroup;
			children = (
				35B2154E2A0A30E6001130C5 /* iOSProject */,
				35B2154D2A0A30E6001130C5 /* Products */,
			);
			sourceTree = "<group>";
		};
		35B2154D2A0A30E6001130C5 /* Products */ = {
			isa = PBXGroup;
			children = (
				35B2154C2A0A30E6001130C5 /* iOSProject.app */,
			);
			name = Products;
			sourceTree = "<group>";
		};
		35B2154E2A0A30E6001130C5 /* iOSProject */ = {
			isa = PBXGroup;
			children = (
				35B2154F2A0A30E6001130C5 /* iOSProjectApp.swift */,
				35A581DF2A176E570076389F /* UpdateUser.swift */,
				351A747F2A0CEBA300FBC82A /* DeleteUser.swift */,
				35B215512A0A30E6001130C5 /* ContentView.swift */,
				35B215602A0A41F1001130C5 /* FetchAll.swift */,
				35B215642A0A43AE001130C5 /* Result.swift */,
				35B215662A0A43CD001130C5 /* User.swift */,
				35B215682A0A4665001130C5 /* AddUser.swift */,
				351A747D2A0CE5FE00FBC82A /* SearchUser.swift */,
				35B215532A0A30E7001130C5 /* Assets.xcassets */,
				35B215552A0A30E7001130C5 /* Preview Content */,
			);
			path = iOSProject;
			sourceTree = "<group>";
		};
		35B215552A0A30E7001130C5 /* Preview Content */ = {
			isa = PBXGroup;
			children = (
				35B215562A0A30E7001130C5 /* Preview Assets.xcassets */,
			);
			path = "Preview Content";
			sourceTree = "<group>";
		};
/* End PBXGroup section */

/* Begin PBXNativeTarget section */
		35B2154B2A0A30E6001130C5 /* iOSProject */ = {
			isa = PBXNativeTarget;
			buildConfigurationList = 35B2155A2A0A30E7001130C5 /* Build configuration list for PBXNativeTarget "iOSProject" */;
			buildPhases = (
				35B215482A0A30E6001130C5 /* Sources */,
				35B215492A0A30E6001130C5 /* Frameworks */,
				35B2154A2A0A30E6001130C5 /* Resources */,
			);
			buildRules = (
			);
			dependencies = (
			);
			name = iOSProject;
			packageProductDependencies = (
				35B2155E2A0A36C7001130C5 /* Alamofire */,
			);
			productName = iOSProject;
			productReference = 35B2154C2A0A30E6001130C5 /* iOSProject.app */;
			productType = "com.apple.product-type.application";
		};
/* End PBXNativeTarget section */

/* Begin PBXProject section */
		35B215442A0A30E6001130C5 /* Project object */ = {
			isa = PBXProject;
			attributes = {
				BuildIndependentTargetsInParallel = 1;
				LastSwiftUpdateCheck = 1400;
				LastUpgradeCheck = 1400;
				TargetAttributes = {
					35B2154B2A0A30E6001130C5 = {
						CreatedOnToolsVersion = 14.0.1;
					};
				};
			};
			buildConfigurationList = 35B215472A0A30E6001130C5 /* Build configuration list for PBXProject "iOSProject" */;
			compatibilityVersion = "Xcode 14.0";
			developmentRegion = en;
			hasScannedForEncodings = 0;
			knownRegions = (
				en,
				Base,
			);
			mainGroup = 35B215432A0A30E6001130C5;
			packageReferences = (
				35B2155D2A0A36C7001130C5 /* XCRemoteSwiftPackageReference "Alamofire" */,
			);
			productRefGroup = 35B2154D2A0A30E6001130C5 /* Products */;
			projectDirPath = "";
			projectRoot = "";
			targets = (
				35B2154B2A0A30E6001130C5 /* iOSProject */,
			);
		};
/* End PBXProject section */

/* Begin PBXResourcesBuildPhase section */
		35B2154A2A0A30E6001130C5 /* Resources */ = {
			isa = PBXResourcesBuildPhase;
			buildActionMask = 2147483647;
			files = (
				35B215572A0A30E7001130C5 /* Preview Assets.xcassets in Resources */,
				35B215542A0A30E7001130C5 /* Assets.xcassets in Resources */,
			);
			runOnlyForDeploymentPostprocessing = 0;
		};
/* End PBXResourcesBuildPhase section */

/* Begin PBXSourcesBuildPhase section */
		35B215482A0A30E6001130C5 /* Sources */ = {
			isa = PBXSourcesBuildPhase;
			buildActionMask = 2147483647;
			files = (
				351A747E2A0CE5FE00FBC82A /* SearchUser.swift in Sources */,
				35A581E02A176E570076389F /* UpdateUser.swift in Sources */,
				35B215692A0A4665001130C5 /* AddUser.swift in Sources */,
				35B215522A0A30E6001130C5 /* ContentView.swift in Sources */,
				351A74802A0CEBA300FBC82A /* DeleteUser.swift in Sources */,
				35B215612A0A41F1001130C5 /* FetchAll.swift in Sources */,
				35B215652A0A43AE001130C5 /* Result.swift in Sources */,
				35B215672A0A43CD001130C5 /* User.swift in Sources */,
				35B215502A0A30E6001130C5 /* iOSProjectApp.swift in Sources */,
			);
			runOnlyForDeploymentPostprocessing = 0;
		};
/* End PBXSourcesBuildPhase section */

/* Begin XCBuildConfiguration section */
		35B215582A0A30E7001130C5 /* Debug */ = {
			isa = XCBuildConfiguration;
			buildSettings = {
				ALWAYS_SEARCH_USER_PATHS = NO;
				CLANG_ANALYZER_NONNULL = YES;
				CLANG_ANALYZER_NUMBER_OBJECT_CONVERSION = YES_AGGRESSIVE;
				CLANG_CXX_LANGUAGE_STANDARD = "gnu++20";
				CLANG_ENABLE_MODULES = YES;
				CLANG_ENABLE_OBJC_ARC = YES;
				CLANG_ENABLE_OBJC_WEAK = YES;
				CLANG_WARN_BLOCK_CAPTURE_AUTORELEASING = YES;
				CLANG_WARN_BOOL_CONVERSION = YES;
				CLANG_WARN_COMMA = YES;
				CLANG_WARN_CONSTANT_CONVERSION = YES;
				CLANG_WARN_DEPRECATED_OBJC_IMPLEMENTATIONS = YES;
				CLANG_WARN_DIRECT_OBJC_ISA_USAGE = YES_ERROR;
				CLANG_WARN_DOCUMENTATION_COMMENTS = YES;
				CLANG_WARN_EMPTY_BODY = YES;
				CLANG_WARN_ENUM_CONVERSION = YES;
				CLANG_WARN_INFINITE_RECURSION = YES;
				CLANG_WARN_INT_CONVERSION = YES;
				CLANG_WARN_NON_LITERAL_NULL_CONVERSION = YES;
				CLANG_WARN_OBJC_IMPLICIT_RETAIN_SELF = YES;
				CLANG_WARN_OBJC_LITERAL_CONVERSION = YES;
				CLANG_WARN_OBJC_ROOT_CLASS = YES_ERROR;
				CLANG_WARN_QUOTED_INCLUDE_IN_FRAMEWORK_HEADER = YES;
				CLANG_WARN_RANGE_LOOP_ANALYSIS = YES;
				CLANG_WARN_STRICT_PROTOTYPES = YES;
				CLANG_WARN_SUSPICIOUS_MOVE = YES;
				CLANG_WARN_UNGUARDED_AVAILABILITY = YES_AGGRESSIVE;
				CLANG_WARN_UNREACHABLE_CODE = YES;
				CLANG_WARN__DUPLICATE_METHOD_MATCH = YES;
				COPY_PHASE_STRIP = NO;
				DEBUG_INFORMATION_FORMAT = dwarf;
				ENABLE_STRICT_OBJC_MSGSEND = YES;
				ENABLE_TESTABILITY = YES;
				GCC_C_LANGUAGE_STANDARD = gnu11;
				GCC_DYNAMIC_NO_PIC = NO;
				GCC_NO_COMMON_BLOCKS = YES;
				GCC_OPTIMIZATION_LEVEL = 0;
				GCC_PREPROCESSOR_DEFINITIONS = (
					"DEBUG=1",
					"$(inherited)",
				);
				GCC_WARN_64_TO_32_BIT_CONVERSION = YES;
				GCC_WARN_ABOUT_RETURN_TYPE = YES_ERROR;
				GCC_WARN_UNDECLARED_SELECTOR = YES;
				GCC_WARN_UNINITIALIZED_AUTOS = YES_AGGRESSIVE;
				GCC_WARN_UNUSED_FUNCTION = YES;
				GCC_WARN_UNUSED_VARIABLE = YES;
				IPHONEOS_DEPLOYMENT_TARGET = 16.0;
				MTL_ENABLE_DEBUG_INFO = INCLUDE_SOURCE;
				MTL_FAST_MATH = YES;
				ONLY_ACTIVE_ARCH = YES;
				SDKROOT = iphoneos;
				SWIFT_ACTIVE_COMPILATION_CONDITIONS = DEBUG;
				SWIFT_OPTIMIZATION_LEVEL = "-Onone";
			};
			name = Debug;
		};
		35B215592A0A30E7001130C5 /* Release */ = {
			isa = XCBuildConfiguration;
			buildSettings = {
				ALWAYS_SEARCH_USER_PATHS = NO;
				CLANG_ANALYZER_NONNULL = YES;
				CLANG_ANALYZER_NUMBER_OBJECT_CONVERSION = YES_AGGRESSIVE;
				CLANG_CXX_LANGUAGE_STANDARD = "gnu++20";
				CLANG_ENABLE_MODULES = YES;
				CLANG_ENABLE_OBJC_ARC = YES;
				CLANG_ENABLE_OBJC_WEAK = YES;
				CLANG_WARN_BLOCK_CAPTURE_AUTORELEASING = YES;
				CLANG_WARN_BOOL_CONVERSION = YES;
				CLANG_WARN_COMMA = YES;
				CLANG_WARN_CONSTANT_CONVERSION = YES;
				CLANG_WARN_DEPRECATED_OBJC_IMPLEMENTATIONS = YES;
				CLANG_WARN_DIRECT_OBJC_ISA_USAGE = YES_ERROR;
				CLANG_WARN_DOCUMENTATION_COMMENTS = YES;
				CLANG_WARN_EMPTY_BODY = YES;
				CLANG_WARN_ENUM_CONVERSION = YES;
				CLANG_WARN_INFINITE_RECURSION = YES;
				CLANG_WARN_INT_CONVERSION = YES;
				CLANG_WARN_NON_LITERAL_NULL_CONVERSION = YES;
				CLANG_WARN_OBJC_IMPLICIT_RETAIN_SELF = YES;
				CLANG_WARN_OBJC_LITERAL_CONVERSION = YES;
				CLANG_WARN_OBJC_ROOT_CLASS = YES_ERROR;
				CLANG_WARN_QUOTED_INCLUDE_IN_FRAMEWORK_HEADER = YES;
				CLANG_WARN_RANGE_LOOP_ANALYSIS = YES;
				CLANG_WARN_STRICT_PROTOTYPES = YES;
				CLANG_WARN_SUSPICIOUS_MOVE = YES;
				CLANG_WARN_UNGUARDED_AVAILABILITY = YES_AGGRESSIVE;
				CLANG_WARN_UNREACHABLE_CODE = YES;
				CLANG_WARN__DUPLICATE_METHOD_MATCH = YES;
				COPY_PHASE_STRIP = NO;
				DEBUG_INFORMATION_FORMAT = "dwarf-with-dsym";
				ENABLE_NS_ASSERTIONS = NO;
				ENABLE_STRICT_OBJC_MSGSEND = YES;
				GCC_C_LANGUAGE_STANDARD = gnu11;
				GCC_NO_COMMON_BLOCKS = YES;
				GCC_WARN_64_TO_32_BIT_CONVERSION = YES;
				GCC_WARN_ABOUT_RETURN_TYPE = YES_ERROR;
				GCC_WARN_UNDECLARED_SELECTOR = YES;
				GCC_WARN_UNINITIALIZED_AUTOS = YES_AGGRESSIVE;
				GCC_WARN_UNUSED_FUNCTION = YES;
				GCC_WARN_UNUSED_VARIABLE = YES;
				IPHONEOS_DEPLOYMENT_TARGET = 16.0;
				MTL_ENABLE_DEBUG_INFO = NO;
				MTL_FAST_MATH = YES;
				SDKROOT = iphoneos;
				SWIFT_COMPILATION_MODE = wholemodule;
				SWIFT_OPTIMIZATION_LEVEL = "-O";
				VALIDATE_PRODUCT = YES;
			};
			name = Release;
		};
		35B2155B2A0A30E7001130C5 /* Debug */ = {
			isa = XCBuildConfiguration;
			buildSettings = {
				ASSETCATALOG_COMPILER_APPICON_NAME = AppIcon;
				ASSETCATALOG_COMPILER_GLOBAL_ACCENT_COLOR_NAME = AccentColor;
				CODE_SIGN_STYLE = Automatic;
				CURRENT_PROJECT_VERSION = 1;
				DEVELOPMENT_ASSET_PATHS = "\"iOSProject/Preview Content\"";
				ENABLE_PREVIEWS = YES;
				GENERATE_INFOPLIST_FILE = YES;
				INFOPLIST_KEY_UIApplicationSceneManifest_Generation = YES;
				INFOPLIST_KEY_UIApplicationSupportsIndirectInputEvents = YES;
				INFOPLIST_KEY_UILaunchScreen_Generation = YES;
				INFOPLIST_KEY_UISupportedInterfaceOrientations_iPad = "UIInterfaceOrientationPortrait UIInterfaceOrientationPortraitUpsideDown UIInterfaceOrientationLandscapeLeft UIInterfaceOrientationLandscapeRight";
				INFOPLIST_KEY_UISupportedInterfaceOrientations_iPhone = "UIInterfaceOrientationPortrait UIInterfaceOrientationLandscapeLeft UIInterfaceOrientationLandscapeRight";
				LD_RUNPATH_SEARCH_PATHS = (
					"$(inherited)",
					"@executable_path/Frameworks",
				);
				MARKETING_VERSION = 1.0;
				PRODUCT_BUNDLE_IDENTIFIER = fi.tuni.tamk.iOSProject;
				PRODUCT_NAME = "$(TARGET_NAME)";
				SWIFT_EMIT_LOC_STRINGS = YES;
				SWIFT_VERSION = 5.0;
				TARGETED_DEVICE_FAMILY = "1,2";
			};
			name = Debug;
		};
		35B2155C2A0A30E7001130C5 /* Release */ = {
			isa = XCBuildConfiguration;
			buildSettings = {
				ASSETCATALOG_COMPILER_APPICON_NAME = AppIcon;
				ASSETCATALOG_COMPILER_GLOBAL_ACCENT_COLOR_NAME = AccentColor;
				CODE_SIGN_STYLE = Automatic;
				CURRENT_PROJECT_VERSION = 1;
				DEVELOPMENT_ASSET_PATHS = "\"iOSProject/Preview Content\"";
				ENABLE_PREVIEWS = YES;
				GENERATE_INFOPLIST_FILE = YES;
				INFOPLIST_KEY_UIApplicationSceneManifest_Generation = YES;
				INFOPLIST_KEY_UIApplicationSupportsIndirectInputEvents = YES;
				INFOPLIST_KEY_UILaunchScreen_Generation = YES;
				INFOPLIST_KEY_UISupportedInterfaceOrientations_iPad = "UIInterfaceOrientationPortrait UIInterfaceOrientationPortraitUpsideDown UIInterfaceOrientationLandscapeLeft UIInterfaceOrientationLandscapeRight";
				INFOPLIST_KEY_UISupportedInterfaceOrientations_iPhone = "UIInterfaceOrientationPortrait UIInterfaceOrientationLandscapeLeft UIInterfaceOrientationLandscapeRight";
				LD_RUNPATH_SEARCH_PATHS = (
					"$(inherited)",
					"@executable_path/Frameworks",
				);
				MARKETING_VERSION = 1.0;
				PRODUCT_BUNDLE_IDENTIFIER = fi.tuni.tamk.iOSProject;
				PRODUCT_NAME = "$(TARGET_NAME)";
				SWIFT_EMIT_LOC_STRINGS = YES;
				SWIFT_VERSION = 5.0;
				TARGETED_DEVICE_FAMILY = "1,2";
			};
			name = Release;
		};
/* End XCBuildConfiguration section */

/* Begin XCConfigurationList section */
		35B215472A0A30E6001130C5 /* Build configuration list for PBXProject "iOSProject" */ = {
			isa = XCConfigurationList;
			buildConfigurations = (
				35B215582A0A30E7001130C5 /* Debug */,
				35B215592A0A30E7001130C5 /* Release */,
			);
			defaultConfigurationIsVisible = 0;
			defaultConfigurationName = Release;
		};
		35B2155A2A0A30E7001130C5 /* Build configuration list for PBXNativeTarget "iOSProject" */ = {
			isa = XCConfigurationList;
			buildConfigurations = (
				35B2155B2A0A30E7001130C5 /* Debug */,
				35B2155C2A0A30E7001130C5 /* Release */,
			);
			defaultConfigurationIsVisible = 0;
			defaultConfigurationName = Release;
		};
/* End XCConfigurationList section */

/* Begin XCRemoteSwiftPackageReference section */
		35B2155D2A0A36C7001130C5 /* XCRemoteSwiftPackageReference "Alamofire" */ = {
			isa = XCRemoteSwiftPackageReference;
			repositoryURL = "https://github.com/Alamofire/Alamofire";
			requirement = {
				kind = upToNextMajorVersion;
				minimumVersion = 5.0.0;
			};
		};
/* End XCRemoteSwiftPackageReference section */

/* Begin XCSwiftPackageProductDependency section */
		35B2155E2A0A36C7001130C5 /* Alamofire */ = {
			isa = XCSwiftPackageProductDependency;
			package = 35B2155D2A0A36C7001130C5 /* XCRemoteSwiftPackageReference "Alamofire" */;
			productName = Alamofire;
		};
/* End XCSwiftPackageProductDependency section */
	};
	rootObject = 35B215442A0A30E6001130C5 /* Project object */;
}
